
Microsoft Visual Studio Solution File, Format Version 12.00
# Visual Studio Version 17
VisualStudioVersion = 17.11.35222.181
MinimumVisualStudioVersion = 10.0.40219.1
Project("{FAE04EC0-301F-11D3-BF4B-00C04F79EFBC}") = "LibraryManagementProject", "LibraryManagementProject\LibraryManagementProject.csproj", "{C93D517C-CFA0-4204-ACDA-D6B9CC595DD8}"
EndProject
Global
	GlobalSection(SolutionConfigurationPlatforms) = preSolution
		Debug|Any CPU = Debug|Any CPU
		Release|Any CPU = Release|Any CPU
	EndGlobalSection
	GlobalSection(ProjectConfigurationPlatforms) = postSolution
		{C93D517C-CFA0-4204-ACDA-D6B9CC595DD8}.Debug|Any CPU.ActiveCfg = Debug|Any CPU
		{C93D517C-CFA0-4204-ACDA-D6B9CC595DD8}.Debug|Any CPU.Build.0 = Debug|Any CPU
		{C93D517C-CFA0-4204-ACDA-D6B9CC595DD8}.Release|Any CPU.ActiveCfg = Release|Any CPU
		{C93D517C-CFA0-4204-ACDA-D6B9CC595DD8}.Release|Any CPU.Build.0 = Release|Any CPU
	EndGlobalSection
	GlobalSection(SolutionProperties) = preSolution
		HideSolutionNode = FALSE
	EndGlobalSection
	GlobalSection(ExtensibilityGlobals) = postSolution
		SolutionGuid = {6BE732B2-FBDE-41E7-BE4E-825EC800CC39}
	EndGlobalSection
EndGlobal
